PODS:
  - Flutter (1.0.0)
  - flutter_acrcloud (0.0.1):
    - Flutter

DEPENDENCIES:
  - Flutter (from `Flutter`)
  - flutter_acrcloud (from `.symlinks/plugins/flutter_acrcloud/ios`)

EXTERNAL SOURCES:
  Flutter:
    :path: Flutter
  flutter_acrcloud:
    :path: ".symlinks/plugins/flutter_acrcloud/ios"

SPEC CHECKSUMS:
  Flutter: 50d75fe2f02b26cc09d224853bb45737f8b3214a
  flutter_acrcloud: e14db5dc29b45fa29428d1c4ef7696c3f5cb60f8

PODFILE CHECKSUM: aafe91acc616949ddb318b77800a7f51bffa2a4c

COCOAPODS: 1.11.2
