PODS:
  - Flutter (1.0.0)
  - flutter_acrcloud (0.0.1):
    - Flutter

DEPENDENCIES:
  - Flutter (from `Flutter`)
  - flutter_acrcloud (from `.symlinks/plugins/flutter_acrcloud/ios`)

EXTERNAL SOURCES:
  Flutter:
    :path: Flutter
  flutter_acrcloud:
    :path: ".symlinks/plugins/flutter_acrcloud/ios"

SPEC CHECKSUMS:
  Flutter: cabc95a1d2626b1b06e7179b784ebcf0c0cde467
  flutter_acrcloud: 8d1bda9e43dd4c8b5554628525075a52f69f96fa

PODFILE CHECKSUM: 0dbd5a87e0ace00c9610d2037ac22083a01f861d

COCOAPODS: 1.16.2
